
Microsoft Visual Studio Solution File, Format Version 12.00
# Visual Studio Version 16
VisualStudioVersion = 16.0.32106.194
MinimumVisualStudioVersion = 10.0.40219.1
Project("{FAE04EC0-301F-11D3-BF4B-00C04F79EFBC}") = "LabWork10_Sort", "LabWork10_Sort\LabWork10_Sort.csproj", "{A7856327-C2FE-435D-B6D8-B6910DCB9C87}"
EndProject
Global
	GlobalSection(SolutionConfigurationPlatforms) = preSolution
		Debug|Any CPU = Debug|Any CPU
		Release|Any CPU = Release|Any CPU
	EndGlobalSection
	GlobalSection(ProjectConfigurationPlatforms) = postSolution
		{A7856327-C2FE-435D-B6D8-B6910DCB9C87}.Debug|Any CPU.ActiveCfg = Debug|Any CPU
		{A7856327-C2FE-435D-B6D8-B6910DCB9C87}.Debug|Any CPU.Build.0 = Debug|Any CPU
		{A7856327-C2FE-435D-B6D8-B6910DCB9C87}.Release|Any CPU.ActiveCfg = Release|Any CPU
		{A7856327-C2FE-435D-B6D8-B6910DCB9C87}.Release|Any CPU.Build.0 = Release|Any CPU
	EndGlobalSection
	GlobalSection(SolutionProperties) = preSolution
		HideSolutionNode = FALSE
	EndGlobalSection
	GlobalSection(ExtensibilityGlobals) = postSolution
		SolutionGuid = {4ADFB475-AFAC-4E6B-8814-D39CAB0DB05D}
	EndGlobalSection
EndGlobal
